{
  "nodes": {
    "agenix": {
      "inputs": {
        "darwin": [],
        "home-manager": "home-manager",
        "nixpkgs": [
          "nixpkgs"
        ],
        "systems": "systems"
      },
      "locked": {
        "lastModified": 1770165109,
        "narHash": "sha256-9VnK6Oqai65puVJ4WYtCTvlJeXxMzAp/69HhQuTdl/I=",
        "owner": "ryantm",
        "repo": "agenix",
        "rev": "b027ee29d959fda4b60b57566d64c98a202e0feb",
        "type": "github"
      },
      "original": {
        "owner": "ryantm",
        "repo": "agenix",
        "type": "github"
      }
    },
    "flake-parts": {
      "inputs": {
        "nixpkgs-lib": [
          "flashvim",
          "nixvim",
          "nixpkgs"
        ]
      },
      "locked": {
        "lastModified": 1778716662,
        "narHash": "sha256-m1Yf0wZ8j1OHjTc2UwHwyQRSnNeSgLJOd7q5Y45hzi4=",
        "owner": "hercules-ci",
        "repo": "flake-parts",
        "rev": "f7c1a2d347e4c52d5fb8d10cb4d94b5884e546fb",
        "type": "github"
      },
      "original": {
        "owner": "hercules-ci",
        "repo": "flake-parts",
        "type": "github"
      }
    },
    "flashvim": {
      "inputs": {
        "nixpkgs": "nixpkgs",
        "nixvim": "nixvim"
      },
      "locked": {
        "lastModified": 1779187306,
        "narHash": "sha256-bChcQGu4+pQOI+Zf/H7c1IcpMYwzarcJklxno7RUoTI=",
        "owner": "flashonfire",
        "repo": "nixvim-config",
        "rev": "4d04efe315ec15f63a65da8e9b01c78ee97a9729",
        "type": "github"
      },
      "original": {
        "owner": "flashonfire",
        "repo": "nixvim-config",
        "type": "github"
      }
    },
    "home-manager": {
      "inputs": {
        "nixpkgs": [
          "agenix",
          "nixpkgs"
        ]
      },
      "locked": {
        "lastModified": 1745494811,
        "narHash": "sha256-YZCh2o9Ua1n9uCvrvi5pRxtuVNml8X2a03qIFfRKpFs=",
        "owner": "nix-community",
        "repo": "home-manager",
        "rev": "abfad3d2958c9e6300a883bd443512c55dfeb1be",
        "type": "github"
      },
      "original": {
        "owner": "nix-community",
        "repo": "home-manager",
        "type": "github"
      }
    },
    "home-manager_2": {
      "inputs": {
        "nixpkgs": "nixpkgs_2"
      },
      "locked": {
        "lastModified": 1779213149,
        "narHash": "sha256-Cf+p/T4Z3n9Sw0TiR3kQaIwQI+/hfvLJcoTzeq6yS3E=",
        "owner": "nix-community",
        "repo": "home-manager",
        "rev": "bd868f769a69d3b6091a1da68a75cb83a181033c",
        "type": "github"
      },
      "original": {
        "owner": "nix-community",
        "repo": "home-manager",
        "type": "github"
      }
    },
    "minegrub-theme": {
      "inputs": {
        "nixpkgs": "nixpkgs_3"
      },
      "locked": {
        "lastModified": 1775570192,
        "narHash": "sha256-wTLOBy3l/FaIGJWRGFTVYsITkou0lmDU3uAMxvOCCN8=",
        "owner": "Lxtharia",
        "repo": "minegrub-theme",
        "rev": "8ba52f8402ed642abf0f6eee32c407412a3ceae6",
        "type": "github"
      },
      "original": {
        "owner": "Lxtharia",
        "repo": "minegrub-theme",
        "type": "github"
      }
    },
    "nixpkgs": {
      "locked": {
        "lastModified": 1778869304,
        "narHash": "sha256-30sZNZoA1cqF5JNO9fVX+wgiQYjB7HJqqJ4ztCDeBZE=",
        "owner": "nixos",
        "repo": "nixpkgs",
        "rev": "d233902339c02a9c334e7e593de68855ad26c4cb",
        "type": "github"
      },
      "original": {
        "owner": "nixos",
        "ref": "nixos-unstable",
        "repo": "nixpkgs",
        "type": "github"
      }
    },
    "nixpkgs_2": {
      "locked": {
        "lastModified": 1778443072,
        "narHash": "sha256-zi7/fsqM/kFdNuED//4WOCUtezGtKKqRNORjMvfwjnA=",
        "owner": "NixOS",
        "repo": "nixpkgs",
        "rev": "da5ad661ba4e5ef59ba743f0d112cbc30e474f32",
        "type": "github"
      },
      "original": {
        "owner": "NixOS",
        "ref": "nixos-unstable",
        "repo": "nixpkgs",
        "type": "github"
      }
    },
    "nixpkgs_3": {
      "locked": {
        "lastModified": 1689850295,
        "narHash": "sha256-fUYf6WdQlhd2H+3aR8jST5dhFH1d0eE22aes8fNIfyk=",
        "owner": "NixOS",
        "repo": "nixpkgs",
        "rev": "5df4d78d54f7a34e9ea1f84a22b4fd9baebc68d0",
        "type": "github"
      },
      "original": {
        "owner": "NixOS",
        "ref": "nixos-unstable",
        "repo": "nixpkgs",
        "type": "github"
      }
    },
    "nixpkgs_4": {
      "locked": {
        "lastModified": 1778869304,
        "narHash": "sha256-30sZNZoA1cqF5JNO9fVX+wgiQYjB7HJqqJ4ztCDeBZE=",
        "owner": "nixos",
        "repo": "nixpkgs",
        "rev": "d233902339c02a9c334e7e593de68855ad26c4cb",
        "type": "github"
      },
      "original": {
        "owner": "nixos",
        "ref": "nixos-unstable",
        "repo": "nixpkgs",
        "type": "github"
      }
    },
    "nixvim": {
      "inputs": {
        "flake-parts": "flake-parts",
        "nixpkgs": [
          "flashvim",
          "nixpkgs"
        ],
        "systems": "systems_2"
      },
      "locked": {
        "lastModified": 1779142999,
        "narHash": "sha256-KcXaaS7489oPtzW51a7bKSsMeeF4yDjs9GWQ4qA9i4k=",
        "owner": "nix-community",
        "repo": "nixvim",
        "rev": "9b28a7e6e3e6f61b114a550941abfc9fce0645cc",
        "type": "github"
      },
      "original": {
        "owner": "nix-community",
        "repo": "nixvim",
        "type": "github"
      }
    },
    "root": {
      "inputs": {
        "agenix": "agenix",
        "flashvim": "flashvim",
        "home-manager": "home-manager_2",
        "minegrub-theme": "minegrub-theme",
        "nixpkgs": "nixpkgs_4"
      }
    },
    "systems": {
      "locked": {
        "lastModified": 1681028828,
        "narHash": "sha256-Vy1rq5AaRuLzOxct8nz4T6wlgyUR7zLU309k9mBC768=",
        "owner": "nix-systems",
        "repo": "default",
        "rev": "da67096a3b9bf56a91d16901293e51ba5b49a27e",
        "type": "github"
      },
      "original": {
        "owner": "nix-systems",
        "repo": "default",
        "type": "github"
      }
    },
    "systems_2": {
      "locked": {
        "lastModified": 1681028828,
        "narHash": "sha256-Vy1rq5AaRuLzOxct8nz4T6wlgyUR7zLU309k9mBC768=",
        "owner": "nix-systems",
        "repo": "default",
        "rev": "da67096a3b9bf56a91d16901293e51ba5b49a27e",
        "type": "github"
      },
      "original": {
        "owner": "nix-systems",
        "repo": "default",
        "type": "github"
      }
    }
  },
  "root": "root",
  "version": 7
}
